
Microsoft Visual Studio Solution File, Format Version 12.00
# Visual Studio Version 16
VisualStudioVersion = 16.0.32126.315
MinimumVisualStudioVersion = 10.0.40219.1
Project("{FAE04EC0-301F-11D3-BF4B-00C04F79EFBC}") = "ElectronWrapper", "ElectronWrapper\ElectronWrapper.csproj", "{9A6A3E3C-C42D-40A7-8192-4B3146E2B43B}"
EndProject
Global
	GlobalSection(SolutionConfigurationPlatforms) = preSolution
		Debug|Any CPU = Debug|Any CPU
		Release|Any CPU = Release|Any CPU
	EndGlobalSection
	GlobalSection(ProjectConfigurationPlatforms) = postSolution
		{9A6A3E3C-C42D-40A7-8192-4B3146E2B43B}.Debug|Any CPU.ActiveCfg = Debug|Any CPU
		{9A6A3E3C-C42D-40A7-8192-4B3146E2B43B}.Debug|Any CPU.Build.0 = Debug|Any CPU
		{9A6A3E3C-C42D-40A7-8192-4B3146E2B43B}.Release|Any CPU.ActiveCfg = Release|Any CPU
		{9A6A3E3C-C42D-40A7-8192-4B3146E2B43B}.Release|Any CPU.Build.0 = Release|Any CPU
	EndGlobalSection
	GlobalSection(SolutionProperties) = preSolution
		HideSolutionNode = FALSE
	EndGlobalSection
	GlobalSection(ExtensibilityGlobals) = postSolution
		SolutionGuid = {E33176E7-8B65-4AC6-A0D9-C241057196C2}
	EndGlobalSection
EndGlobal
